
Microsoft Visual Studio Solution File, Format Version 12.00
# Visual Studio 14
VisualStudioVersion = 14.0.25123.0
MinimumVisualStudioVersion = 10.0.40219.1
Project("{FAE04EC0-301F-11D3-BF4B-00C04F79EFBC}") = "WeiboFollowingBackup", "WeiboFollowingBackup\WeiboFollowingBackup.csproj", "{AD2CC2FB-9463-49F5-80DC-0DB90D4A2115}"
EndProject
Global
	GlobalSection(SolutionConfigurationPlatforms) = preSolution
		Debug|Any CPU = Debug|Any CPU
		Release|Any CPU = Release|Any CPU
	EndGlobalSection
	GlobalSection(ProjectConfigurationPlatforms) = postSolution
		{AD2CC2FB-9463-49F5-80DC-0DB90D4A2115}.Debug|Any CPU.ActiveCfg = Debug|Any CPU
		{AD2CC2FB-9463-49F5-80DC-0DB90D4A2115}.Debug|Any CPU.Build.0 = Debug|Any CPU
		{AD2CC2FB-9463-49F5-80DC-0DB90D4A2115}.Release|Any CPU.ActiveCfg = Release|Any CPU
		{AD2CC2FB-9463-49F5-80DC-0DB90D4A2115}.Release|Any CPU.Build.0 = Release|Any CPU
	EndGlobalSection
	GlobalSection(SolutionProperties) = preSolution
		HideSolutionNode = FALSE
	EndGlobalSection
EndGlobal
